// !$*UTF8*$!
{
	archiveVersion = 1;
	classes = {
	};
	objectVersion = 63;
	objects = {

/* Begin PBXBuildFile section */
		094712DE5F55C5A2F994A612 /* MapView.swift in Sources */ = {isa = PBXBuildFile; fileRef = C1269ACE7C6346A1302459B0 /* MapView.swift */; };
		1F5B268F5BE018AC168B81D9 /* GRDB in Frameworks */ = {isa = PBXBuildFile; productRef = F85690F66F7D272181E21F2D /* GRDB */; };
		20EE44C349BA7287D539F085 /* SpatialDatabaseManager.swift in Sources */ = {isa = PBXBuildFile; fileRef = 75E67A5974FEC2D53CEF935D /* SpatialDatabaseManager.swift */; };
		251F343B49766CAB12CA3411 /* transit_delta.sqlite in Resources */ = {isa = PBXBuildFile; fileRef = 199B3BD0E20EFB91632E8F30 /* transit_delta.sqlite */; };
		44846034DC3956691503AD6B /* HydrationManager.swift in Sources */ = {isa = PBXBuildFile; fileRef = 08C048FE60010DC495C1C7AB /* HydrationManager.swift */; };
		44F838BC32769B876A0FE448 /* OnboardingView.swift in Sources */ = {isa = PBXBuildFile; fileRef = 863A532D137F91C7E2021C95 /* OnboardingView.swift */; };
		55031B6D0543C31F17B09277 /* Secrets.swift in Sources */ = {isa = PBXBuildFile; fileRef = F85968E07BB90EBA8E2B9F0D /* Secrets.swift */; };
		64957D178FDC5E68FA993DB7 /* MapLibre in Frameworks */ = {isa = PBXBuildFile; productRef = DF080F7BA7E8F484792D0F31 /* MapLibre */; };
		79F5841560521971FD651E75 /* SpatialStore.swift in Sources */ = {isa = PBXBuildFile; fileRef = CE5C593BBD5275D900632F1B /* SpatialStore.swift */; };
		9E18AE610A3DB924C58DD4DF /* MapFAB.swift in Sources */ = {isa = PBXBuildFile; fileRef = 878744028003B6170BB298EA /* MapFAB.swift */; };
		A48E67BDED56249F370FA65D /* SwiftZSTD in Frameworks */ = {isa = PBXBuildFile; productRef = DFD08D205B790E222084B47A /* SwiftZSTD */; };
		A4BED02FF1B808AA720963C9 /* AmbientTrackingEngine.swift in Sources */ = {isa = PBXBuildFile; fileRef = 919E63B092F8F46CC84DF8B0 /* AmbientTrackingEngine.swift */; };
		A825909AB76BEA7ABCC21986 /* H3 in Frameworks */ = {isa = PBXBuildFile; productRef = 9406C642B57B83517386E129 /* H3 */; };
		F5E76E643AE8FE5415701241 /* ContentView.swift in Sources */ = {isa = PBXBuildFile; fileRef = AF81045CC27721884C49C776 /* ContentView.swift */; };
		F92498446F8CFD8DA0BDB9BE /* DeriveeApp.swift in Sources */ = {isa = PBXBuildFile; fileRef = BAE7ABCA4DEDEF356CFFE871 /* DeriveeApp.swift */; };
/* End PBXBuildFile section */

/* Begin PBXFileReference section */
		08C048FE60010DC495C1C7AB /* HydrationManager.swift */ = {isa = PBXFileReference; lastKnownFileType = sourcecode.swift; path = HydrationManager.swift; sourceTree = "<group>"; };
		199B3BD0E20EFB91632E8F30 /* transit_delta.sqlite */ = {isa = PBXFileReference; lastKnownFileType = file; path = transit_delta.sqlite; sourceTree = "<group>"; };
		5AFFB73189473060ADA73222 /* Derivee.app */ = {isa = PBXFileReference; explicitFileType = wrapper.application; includeInIndex = 0; path = Derivee.app; sourceTree = BUILT_PRODUCTS_DIR; };
		69DD2D8BDDA6A03164A4A524 /* Info.plist */ = {isa = PBXFileReference; lastKnownFileType = text.plist; path = Info.plist; sourceTree = "<group>"; };
		75E67A5974FEC2D53CEF935D /* SpatialDatabaseManager.swift */ = {isa = PBXFileReference; lastKnownFileType = sourcecode.swift; path = SpatialDatabaseManager.swift; sourceTree = "<group>"; };
		863A532D137F91C7E2021C95 /* OnboardingView.swift */ = {isa = PBXFileReference; lastKnownFileType = sourcecode.swift; path = OnboardingView.swift; sourceTree = "<group>"; };
		878744028003B6170BB298EA /* MapFAB.swift */ = {isa = PBXFileReference; lastKnownFileType = sourcecode.swift; path = MapFAB.swift; sourceTree = "<group>"; };
		919E63B092F8F46CC84DF8B0 /* AmbientTrackingEngine.swift */ = {isa = PBXFileReference; lastKnownFileType = sourcecode.swift; path = AmbientTrackingEngine.swift; sourceTree = "<group>"; };
		AF81045CC27721884C49C776 /* ContentView.swift */ = {isa = PBXFileReference; lastKnownFileType = sourcecode.swift; path = ContentView.swift; sourceTree = "<group>"; };
		BAE7ABCA4DEDEF356CFFE871 /* DeriveeApp.swift */ = {isa = PBXFileReference; lastKnownFileType = sourcecode.swift; path = DeriveeApp.swift; sourceTree = "<group>"; };
		C1269ACE7C6346A1302459B0 /* MapView.swift */ = {isa = PBXFileReference; lastKnownFileType = sourcecode.swift; path = MapView.swift; sourceTree = "<group>"; };
		CE5C593BBD5275D900632F1B /* SpatialStore.swift */ = {isa = PBXFileReference; lastKnownFileType = sourcecode.swift; path = SpatialStore.swift; sourceTree = "<group>"; };
		F85968E07BB90EBA8E2B9F0D /* Secrets.swift */ = {isa = PBXFileReference; lastKnownFileType = sourcecode.swift; path = Secrets.swift; sourceTree = "<group>"; };
/* End PBXFileReference section */

/* Begin PBXFrameworksBuildPhase section */
		54840BC5D92C90674DCAC125 /* Frameworks */ = {
			isa = PBXFrameworksBuildPhase;
			buildActionMask = 2147483647;
			files = (
				A825909AB76BEA7ABCC21986 /* H3 in Frameworks */,
				1F5B268F5BE018AC168B81D9 /* GRDB in Frameworks */,
				64957D178FDC5E68FA993DB7 /* MapLibre in Frameworks */,
				A48E67BDED56249F370FA65D /* SwiftZSTD in Frameworks */,
			);
			runOnlyForDeploymentPostprocessing = 0;
		};
/* End PBXFrameworksBuildPhase section */

/* Begin PBXGroup section */
		239C6E53E3D9EF709A8EE946 = {
			isa = PBXGroup;
			children = (
				68481505568707C6723D2078 /* Derivee */,
				33F8AC572062E265B16515C1 /* observer */,
				F8104CB44E5EB895B44F5249 /* Products */,
			);
			sourceTree = "<group>";
		};
		33F8AC572062E265B16515C1 /* observer */ = {
			isa = PBXGroup;
			children = (
				199B3BD0E20EFB91632E8F30 /* transit_delta.sqlite */,
			);
			name = observer;
			path = ../observer;
			sourceTree = "<group>";
		};
		68481505568707C6723D2078 /* Derivee */ = {
			isa = PBXGroup;
			children = (
				919E63B092F8F46CC84DF8B0 /* AmbientTrackingEngine.swift */,
				AF81045CC27721884C49C776 /* ContentView.swift */,
				BAE7ABCA4DEDEF356CFFE871 /* DeriveeApp.swift */,
				08C048FE60010DC495C1C7AB /* HydrationManager.swift */,
				69DD2D8BDDA6A03164A4A524 /* Info.plist */,
				878744028003B6170BB298EA /* MapFAB.swift */,
				C1269ACE7C6346A1302459B0 /* MapView.swift */,
				863A532D137F91C7E2021C95 /* OnboardingView.swift */,
				F85968E07BB90EBA8E2B9F0D /* Secrets.swift */,
				75E67A5974FEC2D53CEF935D /* SpatialDatabaseManager.swift */,
				CE5C593BBD5275D900632F1B /* SpatialStore.swift */,
			);
			path = Derivee;
			sourceTree = "<group>";
		};
		F8104CB44E5EB895B44F5249 /* Products */ = {
			isa = PBXGroup;
			children = (
				5AFFB73189473060ADA73222 /* Derivee.app */,
			);
			name = Products;
			sourceTree = "<group>";
		};
/* End PBXGroup section */

/* Begin PBXNativeTarget section */
		709CC96C5666B5B898FA2F64 /* Derivee */ = {
			isa = PBXNativeTarget;
			buildConfigurationList = D996B5BA38D10E53FC3C9DC2 /* Build configuration list for PBXNativeTarget "Derivee" */;
			buildPhases = (
				01DEF9C6F9550F07AA5319DB /* Sources */,
				3433A57926DAC46A44F99624 /* Resources */,
				54840BC5D92C90674DCAC125 /* Frameworks */,
			);
			buildRules = (
			);
			dependencies = (
			);
			name = Derivee;
			packageProductDependencies = (
				9406C642B57B83517386E129 /* H3 */,
				F85690F66F7D272181E21F2D /* GRDB */,
				DF080F7BA7E8F484792D0F31 /* MapLibre */,
				DFD08D205B790E222084B47A /* SwiftZSTD */,
			);
			productName = Derivee;
			productReference = 5AFFB73189473060ADA73222 /* Derivee.app */;
			productType = "com.apple.product-type.application";
		};
/* End PBXNativeTarget section */

/* Begin PBXProject section */
		87112B93271FA6AE514E0617 /* Project object */ = {
			isa = PBXProject;
			attributes = {
				BuildIndependentTargetsInParallel = YES;
				LastUpgradeCheck = 1430;
			};
			buildConfigurationList = 7DCD02703754D94420CFB373 /* Build configuration list for PBXProject "Derivee" */;
			compatibilityVersion = "Xcode 14.0";
			developmentRegion = en;
			hasScannedForEncodings = 0;
			knownRegions = (
				Base,
				en,
			);
			mainGroup = 239C6E53E3D9EF709A8EE946;
			minimizedProjectReferenceProxies = 1;
			packageReferences = (
				3C6361049F927E52680C2F39 /* XCRemoteSwiftPackageReference "GRDB.swift" */,
				AD90F0283C5F16FAABE3FBCB /* XCRemoteSwiftPackageReference "maplibre-gl-native-distribution" */,
				82ED3C92F2419CD4150EB037 /* XCRemoteSwiftPackageReference "swift-h3" */,
				DF937CC7693D350B42F576DB /* XCRemoteSwiftPackageReference "SwiftZSTD" */,
			);
			projectDirPath = "";
			projectRoot = "";
			targets = (
				709CC96C5666B5B898FA2F64 /* Derivee */,
			);
		};
/* End PBXProject section */

/* Begin PBXResourcesBuildPhase section */
		3433A57926DAC46A44F99624 /* Resources */ = {
			isa = PBXResourcesBuildPhase;
			buildActionMask = 2147483647;
			files = (
				251F343B49766CAB12CA3411 /* transit_delta.sqlite in Resources */,
			);
			runOnlyForDeploymentPostprocessing = 0;
		};
/* End PBXResourcesBuildPhase section */

/* Begin PBXSourcesBuildPhase section */
		01DEF9C6F9550F07AA5319DB /* Sources */ = {
			isa = PBXSourcesBuildPhase;
			buildActionMask = 2147483647;
			files = (
				A4BED02FF1B808AA720963C9 /* AmbientTrackingEngine.swift in Sources */,
				F5E76E643AE8FE5415701241 /* ContentView.swift in Sources */,
				F92498446F8CFD8DA0BDB9BE /* DeriveeApp.swift in Sources */,
				44846034DC3956691503AD6B /* HydrationManager.swift in Sources */,
				9E18AE610A3DB924C58DD4DF /* MapFAB.swift in Sources */,
				094712DE5F55C5A2F994A612 /* MapView.swift in Sources */,
				44F838BC32769B876A0FE448 /* OnboardingView.swift in Sources */,
				55031B6D0543C31F17B09277 /* Secrets.swift in Sources */,
				20EE44C349BA7287D539F085 /* SpatialDatabaseManager.swift in Sources */,
				79F5841560521971FD651E75 /* SpatialStore.swift in Sources */,
			);
			runOnlyForDeploymentPostprocessing = 0;
		};
/* End PBXSourcesBuildPhase section */

/* Begin XCBuildConfiguration section */
		A5B4D1156FC3FEC00053A880 /* Release */ = {
			isa = XCBuildConfiguration;
			buildSettings = {
				ALWAYS_SEARCH_USER_PATHS = NO;
				CLANG_ANALYZER_NONNULL = YES;
				CLANG_ANALYZER_NUMBER_OBJECT_CONVERSION = YES_AGGRESSIVE;
				CLANG_CXX_LANGUAGE_STANDARD = "gnu++14";
				CLANG_CXX_LIBRARY = "libc++";
				CLANG_ENABLE_MODULES = YES;
				CLANG_ENABLE_OBJC_ARC = YES;
				CLANG_ENABLE_OBJC_WEAK = YES;
				CLANG_WARN_BLOCK_CAPTURE_AUTORELEASING = YES;
				CLANG_WARN_BOOL_CONVERSION = YES;
				CLANG_WARN_COMMA = YES;
				CLANG_WARN_CONSTANT_CONVERSION = YES;
				CLANG_WARN_DEPRECATED_OBJC_IMPLEMENTATIONS = YES;
				CLANG_WARN_DIRECT_OBJC_ISA_USAGE = YES_ERROR;
				CLANG_WARN_DOCUMENTATION_COMMENTS = YES;
				CLANG_WARN_EMPTY_BODY = YES;
				CLANG_WARN_ENUM_CONVERSION = YES;
				CLANG_WARN_INFINITE_RECURSION = YES;
				CLANG_WARN_INT_CONVERSION = YES;
				CLANG_WARN_NON_LITERAL_NULL_CONVERSION = YES;
				CLANG_WARN_OBJC_IMPLICIT_RETAIN_SELF = YES;
				CLANG_WARN_OBJC_LITERAL_CONVERSION = YES;
				CLANG_WARN_OBJC_ROOT_CLASS = YES_ERROR;
				CLANG_WARN_QUOTED_INCLUDE_IN_FRAMEWORK_HEADER = YES;
				CLANG_WARN_RANGE_LOOP_ANALYSIS = YES;
				CLANG_WARN_STRICT_PROTOTYPES = YES;
				CLANG_WARN_SUSPICIOUS_MOVE = YES;
				CLANG_WARN_UNGUARDED_AVAILABILITY = YES_AGGRESSIVE;
				CLANG_WARN_UNREACHABLE_CODE = YES;
				CLANG_WARN__DUPLICATE_METHOD_MATCH = YES;
				COPY_PHASE_STRIP = NO;
				DEBUG_INFORMATION_FORMAT = "dwarf-with-dsym";
				ENABLE_NS_ASSERTIONS = NO;
				ENABLE_STRICT_OBJC_MSGSEND = YES;
				GCC_C_LANGUAGE_STANDARD = gnu11;
				GCC_NO_COMMON_BLOCKS = YES;
				GCC_WARN_64_TO_32_BIT_CONVERSION = YES;
				GCC_WARN_ABOUT_RETURN_TYPE = YES_ERROR;
				GCC_WARN_UNDECLARED_SELECTOR = YES;
				GCC_WARN_UNINITIALIZED_AUTOS = YES_AGGRESSIVE;
				GCC_WARN_UNUSED_FUNCTION = YES;
				GCC_WARN_UNUSED_VARIABLE = YES;
				MTL_ENABLE_DEBUG_INFO = NO;
				MTL_FAST_MATH = YES;
				PRODUCT_NAME = "$(TARGET_NAME)";
				SDKROOT = iphoneos;
				SWIFT_COMPILATION_MODE = wholemodule;
				SWIFT_OPTIMIZATION_LEVEL = "-O";
				SWIFT_VERSION = 5.0;
			};
			name = Release;
		};
		E3997DA2BED56866A9397C27 /* Release */ = {
			isa = XCBuildConfiguration;
			buildSettings = {
				ASSETCATALOG_COMPILER_APPICON_NAME = AppIcon;
				CODE_SIGN_IDENTITY = "iPhone Developer";
				DEVELOPMENT_TEAM = KWWBXRPU7P;
				INFOPLIST_FILE = Derivee/Info.plist;
				IPHONEOS_DEPLOYMENT_TARGET = 17.0;
				LD_RUNPATH_SEARCH_PATHS = (
					"$(inherited)",
					"@executable_path/Frameworks",
				);
				PRODUCT_BUNDLE_IDENTIFIER = com.derivee.Derivee;
				SDKROOT = iphoneos;
				TARGETED_DEVICE_FAMILY = "1,2";
			};
			name = Release;
		};
		F706F254C7DC561F1E8CF5DE /* Debug */ = {
			isa = XCBuildConfiguration;
			buildSettings = {
				ALWAYS_SEARCH_USER_PATHS = NO;
				CLANG_ANALYZER_NONNULL = YES;
				CLANG_ANALYZER_NUMBER_OBJECT_CONVERSION = YES_AGGRESSIVE;
				CLANG_CXX_LANGUAGE_STANDARD = "gnu++14";
				CLANG_CXX_LIBRARY = "libc++";
				CLANG_ENABLE_MODULES = YES;
				CLANG_ENABLE_OBJC_ARC = YES;
				CLANG_ENABLE_OBJC_WEAK = YES;
				CLANG_WARN_BLOCK_CAPTURE_AUTORELEASING = YES;
				CLANG_WARN_BOOL_CONVERSION = YES;
				CLANG_WARN_COMMA = YES;
				CLANG_WARN_CONSTANT_CONVERSION = YES;
				CLANG_WARN_DEPRECATED_OBJC_IMPLEMENTATIONS = YES;
				CLANG_WARN_DIRECT_OBJC_ISA_USAGE = YES_ERROR;
				CLANG_WARN_DOCUMENTATION_COMMENTS = YES;
				CLANG_WARN_EMPTY_BODY = YES;
				CLANG_WARN_ENUM_CONVERSION = YES;
				CLANG_WARN_INFINITE_RECURSION = YES;
				CLANG_WARN_INT_CONVERSION = YES;
				CLANG_WARN_NON_LITERAL_NULL_CONVERSION = YES;
				CLANG_WARN_OBJC_IMPLICIT_RETAIN_SELF = YES;
				CLANG_WARN_OBJC_LITERAL_CONVERSION = YES;
				CLANG_WARN_OBJC_ROOT_CLASS = YES_ERROR;
				CLANG_WARN_QUOTED_INCLUDE_IN_FRAMEWORK_HEADER = YES;
				CLANG_WARN_RANGE_LOOP_ANALYSIS = YES;
				CLANG_WARN_STRICT_PROTOTYPES = YES;
				CLANG_WARN_SUSPICIOUS_MOVE = YES;
				CLANG_WARN_UNGUARDED_AVAILABILITY = YES_AGGRESSIVE;
				CLANG_WARN_UNREACHABLE_CODE = YES;
				CLANG_WARN__DUPLICATE_METHOD_MATCH = YES;
				COPY_PHASE_STRIP = NO;
				DEBUG_INFORMATION_FORMAT = dwarf;
				ENABLE_STRICT_OBJC_MSGSEND = YES;
				ENABLE_TESTABILITY = YES;
				GCC_C_LANGUAGE_STANDARD = gnu11;
				GCC_DYNAMIC_NO_PIC = NO;
				GCC_NO_COMMON_BLOCKS = YES;
				GCC_OPTIMIZATION_LEVEL = 0;
				GCC_PREPROCESSOR_DEFINITIONS = (
					"$(inherited)",
					"DEBUG=1",
				);
				GCC_WARN_64_TO_32_BIT_CONVERSION = YES;
				GCC_WARN_ABOUT_RETURN_TYPE = YES_ERROR;
				GCC_WARN_UNDECLARED_SELECTOR = YES;
				GCC_WARN_UNINITIALIZED_AUTOS = YES_AGGRESSIVE;
				GCC_WARN_UNUSED_FUNCTION = YES;
				GCC_WARN_UNUSED_VARIABLE = YES;
				MTL_ENABLE_DEBUG_INFO = INCLUDE_SOURCE;
				MTL_FAST_MATH = YES;
				ONLY_ACTIVE_ARCH = YES;
				PRODUCT_NAME = "$(TARGET_NAME)";
				SDKROOT = iphoneos;
				SWIFT_ACTIVE_COMPILATION_CONDITIONS = DEBUG;
				SWIFT_OPTIMIZATION_LEVEL = "-Onone";
				SWIFT_VERSION = 5.0;
			};
			name = Debug;
		};
		FEBDAA2F11A7A9613AAB64DB /* Debug */ = {
			isa = XCBuildConfiguration;
			buildSettings = {
				ASSETCATALOG_COMPILER_APPICON_NAME = AppIcon;
				CODE_SIGN_IDENTITY = "iPhone Developer";
				DEVELOPMENT_TEAM = KWWBXRPU7P;
				INFOPLIST_FILE = Derivee/Info.plist;
				IPHONEOS_DEPLOYMENT_TARGET = 17.0;
				LD_RUNPATH_SEARCH_PATHS = (
					"$(inherited)",
					"@executable_path/Frameworks",
				);
				PRODUCT_BUNDLE_IDENTIFIER = com.derivee.Derivee;
				SDKROOT = iphoneos;
				TARGETED_DEVICE_FAMILY = "1,2";
			};
			name = Debug;
		};
/* End XCBuildConfiguration section */

/* Begin XCConfigurationList section */
		7DCD02703754D94420CFB373 /* Build configuration list for PBXProject "Derivee" */ = {
			isa = XCConfigurationList;
			buildConfigurations = (
				F706F254C7DC561F1E8CF5DE /* Debug */,
				A5B4D1156FC3FEC00053A880 /* Release */,
			);
			defaultConfigurationIsVisible = 0;
			defaultConfigurationName = Debug;
		};
		D996B5BA38D10E53FC3C9DC2 /* Build configuration list for PBXNativeTarget "Derivee" */ = {
			isa = XCConfigurationList;
			buildConfigurations = (
				FEBDAA2F11A7A9613AAB64DB /* Debug */,
				E3997DA2BED56866A9397C27 /* Release */,
			);
			defaultConfigurationIsVisible = 0;
			defaultConfigurationName = Debug;
		};
/* End XCConfigurationList section */

/* Begin XCRemoteSwiftPackageReference section */
		3C6361049F927E52680C2F39 /* XCRemoteSwiftPackageReference "GRDB.swift" */ = {
			isa = XCRemoteSwiftPackageReference;
			repositoryURL = "https://github.com/groue/GRDB.swift.git";
			requirement = {
				kind = upToNextMajorVersion;
				minimumVersion = 6.27.0;
			};
		};
		82ED3C92F2419CD4150EB037 /* XCRemoteSwiftPackageReference "swift-h3" */ = {
			isa = XCRemoteSwiftPackageReference;
			repositoryURL = "https://github.com/JeremyEspresso/swift-h3";
			requirement = {
				branch = main;
				kind = branch;
			};
		};
		AD90F0283C5F16FAABE3FBCB /* XCRemoteSwiftPackageReference "maplibre-gl-native-distribution" */ = {
			isa = XCRemoteSwiftPackageReference;
			repositoryURL = "https://github.com/maplibre/maplibre-gl-native-distribution.git";
			requirement = {
				kind = upToNextMajorVersion;
				minimumVersion = 6.20.1;
			};
		};
		DF937CC7693D350B42F576DB /* XCRemoteSwiftPackageReference "SwiftZSTD" */ = {
			isa = XCRemoteSwiftPackageReference;
			repositoryURL = "https://github.com/aperedera/SwiftZSTD.git";
			requirement = {
				kind = upToNextMajorVersion;
				minimumVersion = 1.0.0;
			};
		};
/* End XCRemoteSwiftPackageReference section */

/* Begin XCSwiftPackageProductDependency section */
		9406C642B57B83517386E129 /* H3 */ = {
			isa = XCSwiftPackageProductDependency;
			package = 82ED3C92F2419CD4150EB037 /* XCRemoteSwiftPackageReference "swift-h3" */;
			productName = H3;
		};
		DF080F7BA7E8F484792D0F31 /* MapLibre */ = {
			isa = XCSwiftPackageProductDependency;
			package = AD90F0283C5F16FAABE3FBCB /* XCRemoteSwiftPackageReference "maplibre-gl-native-distribution" */;
			productName = MapLibre;
		};
		DFD08D205B790E222084B47A /* SwiftZSTD */ = {
			isa = XCSwiftPackageProductDependency;
			package = DF937CC7693D350B42F576DB /* XCRemoteSwiftPackageReference "SwiftZSTD" */;
			productName = SwiftZSTD;
		};
		F85690F66F7D272181E21F2D /* GRDB */ = {
			isa = XCSwiftPackageProductDependency;
			package = 3C6361049F927E52680C2F39 /* XCRemoteSwiftPackageReference "GRDB.swift" */;
			productName = GRDB;
		};
/* End XCSwiftPackageProductDependency section */
	};
	rootObject = 87112B93271FA6AE514E0617 /* Project object */;
}
