// !$*UTF8*$!
{
	archiveVersion = 1;
	classes = {
	};
	objectVersion = 77;
	objects = {

/* Begin PBXBuildFile section */
		0078B3425107FBB2623C3804 /* BasemapTheme.swift in Sources */ = {isa = PBXBuildFile; fileRef = 3D018BBDA1F928EA07A82D14 /* BasemapTheme.swift */; };
		04721C321EF5345FCFCD6948 /* gtfs-realtime.pb.swift in Sources */ = {isa = PBXBuildFile; fileRef = B997BDB8B2136E13891AB724 /* gtfs-realtime.pb.swift */; };
		0572BB0F67A97585C2A4BC5E /* BasemapStyleLoader.swift in Sources */ = {isa = PBXBuildFile; fileRef = 506C0DF82966A6FB7304C38D /* BasemapStyleLoader.swift */; };
		094712DE5F55C5A2F994A612 /* MapView.swift in Sources */ = {isa = PBXBuildFile; fileRef = C1269ACE7C6346A1302459B0 /* MapView.swift */; };
		09CDCC94B4DD8E0721584480 /* NeighborhoodTests.swift in Sources */ = {isa = PBXBuildFile; fileRef = 966E6957AA78D74369F921CC /* NeighborhoodTests.swift */; };
		0C732CD401E7A9DA11E72762 /* CameraBounds.swift in Sources */ = {isa = PBXBuildFile; fileRef = AECB22D323FB4F1FADD6D8B8 /* CameraBounds.swift */; };
		0E79270F01B7B13F8D614A06 /* DeriveeWidget.appex in Embed Foundation Extensions */ = {isa = PBXBuildFile; fileRef = 7EC6A6941E06A9AA9C6D2A93 /* DeriveeWidget.appex */; settings = {ATTRIBUTES = (RemoveHeadersOnCopy, ); }; };
		0F8E9A49820BDF3E9FB0DBEC /* H3SpatialMathTests.swift in Sources */ = {isa = PBXBuildFile; fileRef = 47A3E08CE2FC2E71A4F9EEA6 /* H3SpatialMathTests.swift */; };
		1885A68AA306E0E442B71BBA /* TransitRouteData.swift in Sources */ = {isa = PBXBuildFile; fileRef = 94F77B8E3EE24B3260000B62 /* TransitRouteData.swift */; };
		1F5B268F5BE018AC168B81D9 /* GRDB in Frameworks */ = {isa = PBXBuildFile; productRef = F85690F66F7D272181E21F2D /* GRDB */; };
		20EE44C349BA7287D539F085 /* SpatialDatabaseManager.swift in Sources */ = {isa = PBXBuildFile; fileRef = 75E67A5974FEC2D53CEF935D /* SpatialDatabaseManager.swift */; };
		251F343B49766CAB12CA3411 /* transit_delta.sqlite in Resources */ = {isa = PBXBuildFile; fileRef = 199B3BD0E20EFB91632E8F30 /* transit_delta.sqlite */; };
		327375399AC87B0C9BBC32BA /* PhilosophyView.swift in Sources */ = {isa = PBXBuildFile; fileRef = A3A37CA71EE44E8BDD205124 /* PhilosophyView.swift */; };
		392BA3CBC2217CB684046900 /* SwiftProtobuf in Frameworks */ = {isa = PBXBuildFile; productRef = 2200D232CE6197087310B633 /* SwiftProtobuf */; };
		41ADE683C5AC463D6213BCBD /* PipelineLogger.swift in Sources */ = {isa = PBXBuildFile; fileRef = A8714A86D95B5C35D2A6F8AA /* PipelineLogger.swift */; };
		42FD08C669B75AB9B3559199 /* TransitSparklineView.swift in Sources */ = {isa = PBXBuildFile; fileRef = 7F9718A0C6F19BF050A52A38 /* TransitSparklineView.swift */; };
		436BB28E208B8C164FCB2A0D /* GPXLocationProvider.swift in Sources */ = {isa = PBXBuildFile; fileRef = 936463E8983EB06677DF22A4 /* GPXLocationProvider.swift */; };
		44846034DC3956691503AD6B /* HydrationManager.swift in Sources */ = {isa = PBXBuildFile; fileRef = 08C048FE60010DC495C1C7AB /* HydrationManager.swift */; };
		44F838BC32769B876A0FE448 /* OnboardingView.swift in Sources */ = {isa = PBXBuildFile; fileRef = 863A532D137F91C7E2021C95 /* OnboardingView.swift */; };
		4D5F43EF102E37A074561599 /* TransitRevealSheetTests.swift in Sources */ = {isa = PBXBuildFile; fileRef = 21AD6FB3518E383909502845 /* TransitRevealSheetTests.swift */; };
		4F168C94171CB488D9A50D4E /* neighborhood.sqlite-wal in Resources */ = {isa = PBXBuildFile; fileRef = AA1D089BD418F79AE29C57FC /* neighborhood.sqlite-wal */; };
		55031B6D0543C31F17B09277 /* Secrets.swift in Sources */ = {isa = PBXBuildFile; fileRef = F85968E07BB90EBA8E2B9F0D /* Secrets.swift */; };
		57CC762930DAE5C3E2C5210C /* DatabaseQoSTests.swift in Sources */ = {isa = PBXBuildFile; fileRef = E514583F05E73B9238D552A8 /* DatabaseQoSTests.swift */; };
		5ABA87B92B9EA80638AADE08 /* SwiftProtobuf in Frameworks */ = {isa = PBXBuildFile; productRef = FA46EF9E6B7D5637BA55DF5A /* SwiftProtobuf */; };
		600370C96B86CEC7F065C5E0 /* GPXParser.swift in Sources */ = {isa = PBXBuildFile; fileRef = C99A430676D6B46B80F89732 /* GPXParser.swift */; };
		627FBB1DB0AE46A09D866580 /* CameraBoundsTests.swift in Sources */ = {isa = PBXBuildFile; fileRef = B78DE3D729CFDDAA29570FF6 /* CameraBoundsTests.swift */; };
		64957D178FDC5E68FA993DB7 /* MapLibre in Frameworks */ = {isa = PBXBuildFile; productRef = DF080F7BA7E8F484792D0F31 /* MapLibre */; };
		6F7AFB2044DA5AE96EB8CFB8 /* SpatialStoreFogTests.swift in Sources */ = {isa = PBXBuildFile; fileRef = FD3018C4BA13CF89BEBFCCBA /* SpatialStoreFogTests.swift */; };
		78FFDF58074BF1E4F27CA0F7 /* MapCustomization.swift in Sources */ = {isa = PBXBuildFile; fileRef = 587DBC0D7259B1BDC19D0323 /* MapCustomization.swift */; };
		79F5841560521971FD651E75 /* SpatialStore.swift in Sources */ = {isa = PBXBuildFile; fileRef = CE5C593BBD5275D900632F1B /* SpatialStore.swift */; };
		7EA9F372F9C941D9E43C362A /* gtfs-realtime-NYCT.pb.swift in Sources */ = {isa = PBXBuildFile; fileRef = D9D98AB0B55983D69483A051 /* gtfs-realtime-NYCT.pb.swift */; };
		8BE08985845BB5107F48ECE4 /* ExplorationResetTests.swift in Sources */ = {isa = PBXBuildFile; fileRef = CFAC15B31EFF91C40E2E93EB /* ExplorationResetTests.swift */; };
		946BAB1A7ABBFCA5CAC702B4 /* GRDBObservationTests.swift in Sources */ = {isa = PBXBuildFile; fileRef = D8AA6177CA7C6527DAE09E18 /* GRDBObservationTests.swift */; };
		9838261106ACCE6615BCBC25 /* TrackingEngineTests.swift in Sources */ = {isa = PBXBuildFile; fileRef = 8C620FF203F57ED5764A4BF7 /* TrackingEngineTests.swift */; };
		9E18AE610A3DB924C58DD4DF /* MapFAB.swift in Sources */ = {isa = PBXBuildFile; fileRef = 878744028003B6170BB298EA /* MapFAB.swift */; };
		A48E67BDED56249F370FA65D /* SwiftZSTD in Frameworks */ = {isa = PBXBuildFile; productRef = DFD08D205B790E222084B47A /* SwiftZSTD */; };
		A4BED02FF1B808AA720963C9 /* AmbientTrackingEngine.swift in Sources */ = {isa = PBXBuildFile; fileRef = 919E63B092F8F46CC84DF8B0 /* AmbientTrackingEngine.swift */; };
		A6469CC3CDE5A3558B090348 /* TrackingLiveActivity.swift in Sources */ = {isa = PBXBuildFile; fileRef = 29C14A94454A0845801D4442 /* TrackingLiveActivity.swift */; };
		A825909AB76BEA7ABCC21986 /* H3 in Frameworks */ = {isa = PBXBuildFile; productRef = 9406C642B57B83517386E129 /* H3 */; };
		A9725147E4D56FCC9789CF14 /* SettingsView.swift in Sources */ = {isa = PBXBuildFile; fileRef = 482E45C732819866B4B63747 /* SettingsView.swift */; };
		AC6A1907D9A87160479E874F /* testTransitSparklineViewSnapshot.1.png in Resources */ = {isa = PBXBuildFile; fileRef = 5FA1E40A44F1C7D276AEF000 /* testTransitSparklineViewSnapshot.1.png */; };
		B07637BA68FC00CAAAEC1B56 /* neighborhood.sqlite in Resources */ = {isa = PBXBuildFile; fileRef = 80384B383FEE2FACF5DEF57F /* neighborhood.sqlite */; };
		B1066BD17A25D688259A522B /* POIMaskingTests.swift in Sources */ = {isa = PBXBuildFile; fileRef = ACEA1BA69C2073E437F97CAA /* POIMaskingTests.swift */; };
		B20170553147346CCAB314B5 /* StatsView.swift in Sources */ = {isa = PBXBuildFile; fileRef = 3B214904FA41349F5C65F7A9 /* StatsView.swift */; };
		B7100B06A2B264B2E79127A8 /* TrackingAttributes.swift in Sources */ = {isa = PBXBuildFile; fileRef = D7D9DCD362FB2ADD8F63B6B2 /* TrackingAttributes.swift */; };
		BDBF7F08353C24BB6D4B563E /* DeriveeWidgetBundle.swift in Sources */ = {isa = PBXBuildFile; fileRef = AF626E8EA1D36226174C6F8E /* DeriveeWidgetBundle.swift */; };
		C030DC088AD9313FE304BEED /* neighborhood.sqlite-shm in Resources */ = {isa = PBXBuildFile; fileRef = 97F9405AD2F0493CF5ECB925 /* neighborhood.sqlite-shm */; };
		C38E678A1F179F8608E57E72 /* SnapshotTesting in Frameworks */ = {isa = PBXBuildFile; productRef = 0B6F4FDFBC5335553BA2B6B9 /* SnapshotTesting */; };
		CA0D9C339E38BD4512C2356F /* composite_style.json in Resources */ = {isa = PBXBuildFile; fileRef = F309BC99CC7EF399C238B09C /* composite_style.json */; };
		CCAE0CA5045E5FE5130BABB5 /* FogPolygonMath.swift in Sources */ = {isa = PBXBuildFile; fileRef = D0786225B07AB50A074567E9 /* FogPolygonMath.swift */; };
		CDDCAE3518655AB14CA92272 /* TransitRevealSheet.swift in Sources */ = {isa = PBXBuildFile; fileRef = 859087AC5C30D2C163F4039B /* TransitRevealSheet.swift */; };
		CFD68966CCF9295382827C39 /* TransitRealtimeTests.swift in Sources */ = {isa = PBXBuildFile; fileRef = 488C4F7958297C18652435E6 /* TransitRealtimeTests.swift */; };
		D7286ED979BEF692F2042730 /* TransitHydrationTests.swift in Sources */ = {isa = PBXBuildFile; fileRef = BD68697FCA0DA2827F0AFADC /* TransitHydrationTests.swift */; };
		D8D7EBB0C03160723270DA6E /* POIMaskManager.swift in Sources */ = {isa = PBXBuildFile; fileRef = 34154FDD24C6585667198AC4 /* POIMaskManager.swift */; };
		D93CEAAD9D1D501CB995FC26 /* TransitRealtimeService.swift in Sources */ = {isa = PBXBuildFile; fileRef = 52B7EC31E1CA9FF5D99063CD /* TransitRealtimeService.swift */; };
		DC34AAB9BFF466868C17558C /* TrackingAttributes.swift in Sources */ = {isa = PBXBuildFile; fileRef = D7D9DCD362FB2ADD8F63B6B2 /* TrackingAttributes.swift */; };
		E3078940A363E6D4FB910728 /* CustomizationSettingsTests.swift in Sources */ = {isa = PBXBuildFile; fileRef = 71BEB9554F5F1D158F380826 /* CustomizationSettingsTests.swift */; };
		E5AC07B09045A40A8F83388F /* derivee_transit.sqlite in Resources */ = {isa = PBXBuildFile; fileRef = 86B2FFDED57A84490398B9F8 /* derivee_transit.sqlite */; };
		F5E76E643AE8FE5415701241 /* ContentView.swift in Sources */ = {isa = PBXBuildFile; fileRef = AF81045CC27721884C49C776 /* ContentView.swift */; };
		F78124BCD272DAA1481ADD7E /* BasemapThemeTests.swift in Sources */ = {isa = PBXBuildFile; fileRef = E6FB4C332314C5F363AC5BFB /* BasemapThemeTests.swift */; };
		F92498446F8CFD8DA0BDB9BE /* DeriveeApp.swift in Sources */ = {isa = PBXBuildFile; fileRef = BAE7ABCA4DEDEF356CFFE871 /* DeriveeApp.swift */; };
		FE732603E08BAA36426E2DAE /* DiscoveryToast.swift in Sources */ = {isa = PBXBuildFile; fileRef = D7565F6B0E0AE526D3E3AA4D /* DiscoveryToast.swift */; };
		FE7D801EB046B06F75E2B93D /* GPXProcessor.swift in Sources */ = {isa = PBXBuildFile; fileRef = 6830B225EF5E701084FB4FC5 /* GPXProcessor.swift */; };
/* End PBXBuildFile section */

/* Begin PBXContainerItemProxy section */
		0269A4530107F52677CFAADE /* PBXContainerItemProxy */ = {
			isa = PBXContainerItemProxy;
			containerPortal = 87112B93271FA6AE514E0617 /* Project object */;
			proxyType = 1;
			remoteGlobalIDString = 204226316687ED9BDDF5F493;
			remoteInfo = DeriveeWidget;
		};
		05650DA2FD823D1C20FA7CD3 /* PBXContainerItemProxy */ = {
			isa = PBXContainerItemProxy;
			containerPortal = 87112B93271FA6AE514E0617 /* Project object */;
			proxyType = 1;
			remoteGlobalIDString = 709CC96C5666B5B898FA2F64;
			remoteInfo = Derivee;
		};
/* End PBXContainerItemProxy section */

/* Begin PBXCopyFilesBuildPhase section */
		D6CCF832912462DDF51F4686 /* Embed Foundation Extensions */ = {
			isa = PBXCopyFilesBuildPhase;
			buildActionMask = 2147483647;
			dstPath = "";
			dstSubfolderSpec = 13;
			files = (
				0E79270F01B7B13F8D614A06 /* DeriveeWidget.appex in Embed Foundation Extensions */,
			);
			name = "Embed Foundation Extensions";
			runOnlyForDeploymentPostprocessing = 0;
		};
/* End PBXCopyFilesBuildPhase section */

/* Begin PBXFileReference section */
		08C048FE60010DC495C1C7AB /* HydrationManager.swift */ = {isa = PBXFileReference; lastKnownFileType = sourcecode.swift; path = HydrationManager.swift; sourceTree = "<group>"; };
		199B3BD0E20EFB91632E8F30 /* transit_delta.sqlite */ = {isa = PBXFileReference; lastKnownFileType = file; path = transit_delta.sqlite; sourceTree = "<group>"; };
		21AD6FB3518E383909502845 /* TransitRevealSheetTests.swift */ = {isa = PBXFileReference; lastKnownFileType = sourcecode.swift; path = TransitRevealSheetTests.swift; sourceTree = "<group>"; };
		29C14A94454A0845801D4442 /* TrackingLiveActivity.swift */ = {isa = PBXFileReference; lastKnownFileType = sourcecode.swift; path = TrackingLiveActivity.swift; sourceTree = "<group>"; };
		34154FDD24C6585667198AC4 /* POIMaskManager.swift */ = {isa = PBXFileReference; lastKnownFileType = sourcecode.swift; path = POIMaskManager.swift; sourceTree = "<group>"; };
		3B214904FA41349F5C65F7A9 /* StatsView.swift */ = {isa = PBXFileReference; lastKnownFileType = sourcecode.swift; path = StatsView.swift; sourceTree = "<group>"; };
		3D018BBDA1F928EA07A82D14 /* BasemapTheme.swift */ = {isa = PBXFileReference; lastKnownFileType = sourcecode.swift; path = BasemapTheme.swift; sourceTree = "<group>"; };
		47A3E08CE2FC2E71A4F9EEA6 /* H3SpatialMathTests.swift */ = {isa = PBXFileReference; lastKnownFileType = sourcecode.swift; path = H3SpatialMathTests.swift; sourceTree = "<group>"; };
		482E45C732819866B4B63747 /* SettingsView.swift */ = {isa = PBXFileReference; lastKnownFileType = sourcecode.swift; path = SettingsView.swift; sourceTree = "<group>"; };
		488C4F7958297C18652435E6 /* TransitRealtimeTests.swift */ = {isa = PBXFileReference; lastKnownFileType = sourcecode.swift; path = TransitRealtimeTests.swift; sourceTree = "<group>"; };
		506C0DF82966A6FB7304C38D /* BasemapStyleLoader.swift */ = {isa = PBXFileReference; lastKnownFileType = sourcecode.swift; path = BasemapStyleLoader.swift; sourceTree = "<group>"; };
		52B7EC31E1CA9FF5D99063CD /* TransitRealtimeService.swift */ = {isa = PBXFileReference; lastKnownFileType = sourcecode.swift; path = TransitRealtimeService.swift; sourceTree = "<group>"; };
		587DBC0D7259B1BDC19D0323 /* MapCustomization.swift */ = {isa = PBXFileReference; lastKnownFileType = sourcecode.swift; path = MapCustomization.swift; sourceTree = "<group>"; };
		5AFFB73189473060ADA73222 /* Derivee.app */ = {isa = PBXFileReference; includeInIndex = 0; lastKnownFileType = wrapper.application; path = Derivee.app; sourceTree = BUILT_PRODUCTS_DIR; };
		5FA1E40A44F1C7D276AEF000 /* testTransitSparklineViewSnapshot.1.png */ = {isa = PBXFileReference; lastKnownFileType = image.png; path = testTransitSparklineViewSnapshot.1.png; sourceTree = "<group>"; };
		6830B225EF5E701084FB4FC5 /* GPXProcessor.swift */ = {isa = PBXFileReference; lastKnownFileType = sourcecode.swift; path = GPXProcessor.swift; sourceTree = "<group>"; };
		69DD2D8BDDA6A03164A4A524 /* Info.plist */ = {isa = PBXFileReference; lastKnownFileType = text.plist; path = Info.plist; sourceTree = "<group>"; };
		71BEB9554F5F1D158F380826 /* CustomizationSettingsTests.swift */ = {isa = PBXFileReference; lastKnownFileType = sourcecode.swift; path = CustomizationSettingsTests.swift; sourceTree = "<group>"; };
		75E67A5974FEC2D53CEF935D /* SpatialDatabaseManager.swift */ = {isa = PBXFileReference; lastKnownFileType = sourcecode.swift; path = SpatialDatabaseManager.swift; sourceTree = "<group>"; };
		7EC6A6941E06A9AA9C6D2A93 /* DeriveeWidget.appex */ = {isa = PBXFileReference; includeInIndex = 0; lastKnownFileType = "wrapper.app-extension"; path = DeriveeWidget.appex; sourceTree = BUILT_PRODUCTS_DIR; };
		7F9718A0C6F19BF050A52A38 /* TransitSparklineView.swift */ = {isa = PBXFileReference; lastKnownFileType = sourcecode.swift; path = TransitSparklineView.swift; sourceTree = "<group>"; };
		80384B383FEE2FACF5DEF57F /* neighborhood.sqlite */ = {isa = PBXFileReference; lastKnownFileType = file; path = neighborhood.sqlite; sourceTree = "<group>"; };
		859087AC5C30D2C163F4039B /* TransitRevealSheet.swift */ = {isa = PBXFileReference; lastKnownFileType = sourcecode.swift; path = TransitRevealSheet.swift; sourceTree = "<group>"; };
		863A532D137F91C7E2021C95 /* OnboardingView.swift */ = {isa = PBXFileReference; lastKnownFileType = sourcecode.swift; path = OnboardingView.swift; sourceTree = "<group>"; };
		86B2FFDED57A84490398B9F8 /* derivee_transit.sqlite */ = {isa = PBXFileReference; lastKnownFileType = file; path = derivee_transit.sqlite; sourceTree = "<group>"; };
		878744028003B6170BB298EA /* MapFAB.swift */ = {isa = PBXFileReference; lastKnownFileType = sourcecode.swift; path = MapFAB.swift; sourceTree = "<group>"; };
		8C620FF203F57ED5764A4BF7 /* TrackingEngineTests.swift */ = {isa = PBXFileReference; lastKnownFileType = sourcecode.swift; path = TrackingEngineTests.swift; sourceTree = "<group>"; };
		919E63B092F8F46CC84DF8B0 /* AmbientTrackingEngine.swift */ = {isa = PBXFileReference; lastKnownFileType = sourcecode.swift; path = AmbientTrackingEngine.swift; sourceTree = "<group>"; };
		9311BA9362F4F6C17ABFC046 /* Info.plist */ = {isa = PBXFileReference; lastKnownFileType = text.plist; path = Info.plist; sourceTree = "<group>"; };
		936463E8983EB06677DF22A4 /* GPXLocationProvider.swift */ = {isa = PBXFileReference; lastKnownFileType = sourcecode.swift; path = GPXLocationProvider.swift; sourceTree = "<group>"; };
		94F77B8E3EE24B3260000B62 /* TransitRouteData.swift */ = {isa = PBXFileReference; lastKnownFileType = sourcecode.swift; path = TransitRouteData.swift; sourceTree = "<group>"; };
		966E6957AA78D74369F921CC /* NeighborhoodTests.swift */ = {isa = PBXFileReference; lastKnownFileType = sourcecode.swift; path = NeighborhoodTests.swift; sourceTree = "<group>"; };
		97F9405AD2F0493CF5ECB925 /* neighborhood.sqlite-shm */ = {isa = PBXFileReference; path = "neighborhood.sqlite-shm"; sourceTree = "<group>"; };
		A3A37CA71EE44E8BDD205124 /* PhilosophyView.swift */ = {isa = PBXFileReference; lastKnownFileType = sourcecode.swift; path = PhilosophyView.swift; sourceTree = "<group>"; };
		A8714A86D95B5C35D2A6F8AA /* PipelineLogger.swift */ = {isa = PBXFileReference; lastKnownFileType = sourcecode.swift; path = PipelineLogger.swift; sourceTree = "<group>"; };
		AA1D089BD418F79AE29C57FC /* neighborhood.sqlite-wal */ = {isa = PBXFileReference; path = "neighborhood.sqlite-wal"; sourceTree = "<group>"; };
		ACEA1BA69C2073E437F97CAA /* POIMaskingTests.swift */ = {isa = PBXFileReference; lastKnownFileType = sourcecode.swift; path = POIMaskingTests.swift; sourceTree = "<group>"; };
		AECB22D323FB4F1FADD6D8B8 /* CameraBounds.swift */ = {isa = PBXFileReference; lastKnownFileType = sourcecode.swift; path = CameraBounds.swift; sourceTree = "<group>"; };
		AF626E8EA1D36226174C6F8E /* DeriveeWidgetBundle.swift */ = {isa = PBXFileReference; lastKnownFileType = sourcecode.swift; path = DeriveeWidgetBundle.swift; sourceTree = "<group>"; };
		AF81045CC27721884C49C776 /* ContentView.swift */ = {isa = PBXFileReference; lastKnownFileType = sourcecode.swift; path = ContentView.swift; sourceTree = "<group>"; };
		B78DE3D729CFDDAA29570FF6 /* CameraBoundsTests.swift */ = {isa = PBXFileReference; lastKnownFileType = sourcecode.swift; path = CameraBoundsTests.swift; sourceTree = "<group>"; };
		B997BDB8B2136E13891AB724 /* gtfs-realtime.pb.swift */ = {isa = PBXFileReference; lastKnownFileType = sourcecode.swift; path = "gtfs-realtime.pb.swift"; sourceTree = "<group>"; };
		BAE7ABCA4DEDEF356CFFE871 /* DeriveeApp.swift */ = {isa = PBXFileReference; lastKnownFileType = sourcecode.swift; path = DeriveeApp.swift; sourceTree = "<group>"; };
		BD68697FCA0DA2827F0AFADC /* TransitHydrationTests.swift */ = {isa = PBXFileReference; lastKnownFileType = sourcecode.swift; path = TransitHydrationTests.swift; sourceTree = "<group>"; };
		C1269ACE7C6346A1302459B0 /* MapView.swift */ = {isa = PBXFileReference; lastKnownFileType = sourcecode.swift; path = MapView.swift; sourceTree = "<group>"; };
		C48AF06DA0327D2A4E8DC3D7 /* DeriveeTests.xctest */ = {isa = PBXFileReference; includeInIndex = 0; lastKnownFileType = wrapper.cfbundle; path = DeriveeTests.xctest; sourceTree = BUILT_PRODUCTS_DIR; };
		C99A430676D6B46B80F89732 /* GPXParser.swift */ = {isa = PBXFileReference; lastKnownFileType = sourcecode.swift; path = GPXParser.swift; sourceTree = "<group>"; };
		CE5C593BBD5275D900632F1B /* SpatialStore.swift */ = {isa = PBXFileReference; lastKnownFileType = sourcecode.swift; path = SpatialStore.swift; sourceTree = "<group>"; };
		CFAC15B31EFF91C40E2E93EB /* ExplorationResetTests.swift */ = {isa = PBXFileReference; lastKnownFileType = sourcecode.swift; path = ExplorationResetTests.swift; sourceTree = "<group>"; };
		D0786225B07AB50A074567E9 /* FogPolygonMath.swift */ = {isa = PBXFileReference; lastKnownFileType = sourcecode.swift; path = FogPolygonMath.swift; sourceTree = "<group>"; };
		D7565F6B0E0AE526D3E3AA4D /* DiscoveryToast.swift */ = {isa = PBXFileReference; lastKnownFileType = sourcecode.swift; path = DiscoveryToast.swift; sourceTree = "<group>"; };
		D7D9DCD362FB2ADD8F63B6B2 /* TrackingAttributes.swift */ = {isa = PBXFileReference; lastKnownFileType = sourcecode.swift; path = TrackingAttributes.swift; sourceTree = "<group>"; };
		D8AA6177CA7C6527DAE09E18 /* GRDBObservationTests.swift */ = {isa = PBXFileReference; lastKnownFileType = sourcecode.swift; path = GRDBObservationTests.swift; sourceTree = "<group>"; };
		D9D98AB0B55983D69483A051 /* gtfs-realtime-NYCT.pb.swift */ = {isa = PBXFileReference; lastKnownFileType = sourcecode.swift; path = "gtfs-realtime-NYCT.pb.swift"; sourceTree = "<group>"; };
		E514583F05E73B9238D552A8 /* DatabaseQoSTests.swift */ = {isa = PBXFileReference; lastKnownFileType = sourcecode.swift; path = DatabaseQoSTests.swift; sourceTree = "<group>"; };
		E6FB4C332314C5F363AC5BFB /* BasemapThemeTests.swift */ = {isa = PBXFileReference; lastKnownFileType = sourcecode.swift; path = BasemapThemeTests.swift; sourceTree = "<group>"; };
		F309BC99CC7EF399C238B09C /* composite_style.json */ = {isa = PBXFileReference; lastKnownFileType = text.json; path = composite_style.json; sourceTree = "<group>"; };
		F85968E07BB90EBA8E2B9F0D /* Secrets.swift */ = {isa = PBXFileReference; lastKnownFileType = sourcecode.swift; path = Secrets.swift; sourceTree = "<group>"; };
		FD3018C4BA13CF89BEBFCCBA /* SpatialStoreFogTests.swift */ = {isa = PBXFileReference; lastKnownFileType = sourcecode.swift; path = SpatialStoreFogTests.swift; sourceTree = "<group>"; };
/* End PBXFileReference section */

/* Begin PBXFrameworksBuildPhase section */
		54840BC5D92C90674DCAC125 /* Frameworks */ = {
			isa = PBXFrameworksBuildPhase;
			buildActionMask = 2147483647;
			files = (
				A825909AB76BEA7ABCC21986 /* H3 in Frameworks */,
				1F5B268F5BE018AC168B81D9 /* GRDB in Frameworks */,
				64957D178FDC5E68FA993DB7 /* MapLibre in Frameworks */,
				A48E67BDED56249F370FA65D /* SwiftZSTD in Frameworks */,
				392BA3CBC2217CB684046900 /* SwiftProtobuf in Frameworks */,
			);
			runOnlyForDeploymentPostprocessing = 0;
		};
		59AAD88FFCA05CC94C517A59 /* Frameworks */ = {
			isa = PBXFrameworksBuildPhase;
			buildActionMask = 2147483647;
			files = (
				C38E678A1F179F8608E57E72 /* SnapshotTesting in Frameworks */,
				5ABA87B92B9EA80638AADE08 /* SwiftProtobuf in Frameworks */,
			);
			runOnlyForDeploymentPostprocessing = 0;
		};
/* End PBXFrameworksBuildPhase section */

/* Begin PBXGroup section */
		239C6E53E3D9EF709A8EE946 = {
			isa = PBXGroup;
			children = (
				68481505568707C6723D2078 /* Derivee */,
				A7A8813333787305AAEEB18F /* DeriveeTests */,
				249D11997E20B04E11C163F9 /* DeriveeWidget */,
				33F8AC572062E265B16515C1 /* observer */,
				F8104CB44E5EB895B44F5249 /* Products */,
			);
			sourceTree = "<group>";
		};
		249D11997E20B04E11C163F9 /* DeriveeWidget */ = {
			isa = PBXGroup;
			children = (
				AF626E8EA1D36226174C6F8E /* DeriveeWidgetBundle.swift */,
				9311BA9362F4F6C17ABFC046 /* Info.plist */,
				29C14A94454A0845801D4442 /* TrackingLiveActivity.swift */,
			);
			path = DeriveeWidget;
			sourceTree = "<group>";
		};
		33F8AC572062E265B16515C1 /* observer */ = {
			isa = PBXGroup;
			children = (
				199B3BD0E20EFB91632E8F30 /* transit_delta.sqlite */,
			);
			name = observer;
			path = ../observer;
			sourceTree = "<group>";
		};
		68481505568707C6723D2078 /* Derivee */ = {
			isa = PBXGroup;
			children = (
				919E63B092F8F46CC84DF8B0 /* AmbientTrackingEngine.swift */,
				506C0DF82966A6FB7304C38D /* BasemapStyleLoader.swift */,
				3D018BBDA1F928EA07A82D14 /* BasemapTheme.swift */,
				AECB22D323FB4F1FADD6D8B8 /* CameraBounds.swift */,
				F309BC99CC7EF399C238B09C /* composite_style.json */,
				AF81045CC27721884C49C776 /* ContentView.swift */,
				86B2FFDED57A84490398B9F8 /* derivee_transit.sqlite */,
				BAE7ABCA4DEDEF356CFFE871 /* DeriveeApp.swift */,
				D7565F6B0E0AE526D3E3AA4D /* DiscoveryToast.swift */,
				D0786225B07AB50A074567E9 /* FogPolygonMath.swift */,
				936463E8983EB06677DF22A4 /* GPXLocationProvider.swift */,
				C99A430676D6B46B80F89732 /* GPXParser.swift */,
				6830B225EF5E701084FB4FC5 /* GPXProcessor.swift */,
				08C048FE60010DC495C1C7AB /* HydrationManager.swift */,
				69DD2D8BDDA6A03164A4A524 /* Info.plist */,
				587DBC0D7259B1BDC19D0323 /* MapCustomization.swift */,
				878744028003B6170BB298EA /* MapFAB.swift */,
				C1269ACE7C6346A1302459B0 /* MapView.swift */,
				80384B383FEE2FACF5DEF57F /* neighborhood.sqlite */,
				97F9405AD2F0493CF5ECB925 /* neighborhood.sqlite-shm */,
				AA1D089BD418F79AE29C57FC /* neighborhood.sqlite-wal */,
				863A532D137F91C7E2021C95 /* OnboardingView.swift */,
				A3A37CA71EE44E8BDD205124 /* PhilosophyView.swift */,
				A8714A86D95B5C35D2A6F8AA /* PipelineLogger.swift */,
				34154FDD24C6585667198AC4 /* POIMaskManager.swift */,
				F85968E07BB90EBA8E2B9F0D /* Secrets.swift */,
				482E45C732819866B4B63747 /* SettingsView.swift */,
				75E67A5974FEC2D53CEF935D /* SpatialDatabaseManager.swift */,
				CE5C593BBD5275D900632F1B /* SpatialStore.swift */,
				3B214904FA41349F5C65F7A9 /* StatsView.swift */,
				D7D9DCD362FB2ADD8F63B6B2 /* TrackingAttributes.swift */,
				52B7EC31E1CA9FF5D99063CD /* TransitRealtimeService.swift */,
				859087AC5C30D2C163F4039B /* TransitRevealSheet.swift */,
				94F77B8E3EE24B3260000B62 /* TransitRouteData.swift */,
				7F9718A0C6F19BF050A52A38 /* TransitSparklineView.swift */,
				93D21A521FAF9159EE042C30 /* Proto */,
			);
			path = Derivee;
			sourceTree = "<group>";
		};
		93D21A521FAF9159EE042C30 /* Proto */ = {
			isa = PBXGroup;
			children = (
				D9D98AB0B55983D69483A051 /* gtfs-realtime-NYCT.pb.swift */,
				B997BDB8B2136E13891AB724 /* gtfs-realtime.pb.swift */,
			);
			path = Proto;
			sourceTree = "<group>";
		};
		A7A8813333787305AAEEB18F /* DeriveeTests */ = {
			isa = PBXGroup;
			children = (
				E6FB4C332314C5F363AC5BFB /* BasemapThemeTests.swift */,
				B78DE3D729CFDDAA29570FF6 /* CameraBoundsTests.swift */,
				71BEB9554F5F1D158F380826 /* CustomizationSettingsTests.swift */,
				E514583F05E73B9238D552A8 /* DatabaseQoSTests.swift */,
				CFAC15B31EFF91C40E2E93EB /* ExplorationResetTests.swift */,
				D8AA6177CA7C6527DAE09E18 /* GRDBObservationTests.swift */,
				47A3E08CE2FC2E71A4F9EEA6 /* H3SpatialMathTests.swift */,
				966E6957AA78D74369F921CC /* NeighborhoodTests.swift */,
				ACEA1BA69C2073E437F97CAA /* POIMaskingTests.swift */,
				FD3018C4BA13CF89BEBFCCBA /* SpatialStoreFogTests.swift */,
				8C620FF203F57ED5764A4BF7 /* TrackingEngineTests.swift */,
				BD68697FCA0DA2827F0AFADC /* TransitHydrationTests.swift */,
				488C4F7958297C18652435E6 /* TransitRealtimeTests.swift */,
				21AD6FB3518E383909502845 /* TransitRevealSheetTests.swift */,
				EEFDED606F221A5FBA4018C4 /* __Snapshots__ */,
			);
			path = DeriveeTests;
			sourceTree = "<group>";
		};
		EEFDED606F221A5FBA4018C4 /* __Snapshots__ */ = {
			isa = PBXGroup;
			children = (
				FB3E1E28A8AD040F7FE995AC /* TransitRevealSheetTests */,
			);
			path = __Snapshots__;
			sourceTree = "<group>";
		};
		F8104CB44E5EB895B44F5249 /* Products */ = {
			isa = PBXGroup;
			children = (
				5AFFB73189473060ADA73222 /* Derivee.app */,
				C48AF06DA0327D2A4E8DC3D7 /* DeriveeTests.xctest */,
				7EC6A6941E06A9AA9C6D2A93 /* DeriveeWidget.appex */,
			);
			name = Products;
			sourceTree = "<group>";
		};
		FB3E1E28A8AD040F7FE995AC /* TransitRevealSheetTests */ = {
			isa = PBXGroup;
			children = (
				5FA1E40A44F1C7D276AEF000 /* testTransitSparklineViewSnapshot.1.png */,
			);
			path = TransitRevealSheetTests;
			sourceTree = "<group>";
		};
/* End PBXGroup section */

/* Begin PBXNativeTarget section */
		204226316687ED9BDDF5F493 /* DeriveeWidget */ = {
			isa = PBXNativeTarget;
			buildConfigurationList = 5781033C7BAFB47CE763D16B /* Build configuration list for PBXNativeTarget "DeriveeWidget" */;
			buildPhases = (
				10FFAC8018C123CF1018BDFC /* Sources */,
			);
			buildRules = (
			);
			dependencies = (
			);
			name = DeriveeWidget;
			packageProductDependencies = (
			);
			productName = DeriveeWidget;
			productReference = 7EC6A6941E06A9AA9C6D2A93 /* DeriveeWidget.appex */;
			productType = "com.apple.product-type.app-extension";
		};
		293E1BF99BBA4B121814C212 /* DeriveeTests */ = {
			isa = PBXNativeTarget;
			buildConfigurationList = 6A3BCDD4203E9D1E418D5DAF /* Build configuration list for PBXNativeTarget "DeriveeTests" */;
			buildPhases = (
				3082E366160071397127E5CC /* Sources */,
				ABA86ECC2014D14F4AB9F91D /* Resources */,
				59AAD88FFCA05CC94C517A59 /* Frameworks */,
			);
			buildRules = (
			);
			dependencies = (
				3B9EF3179CE5E259B1D6D07D /* PBXTargetDependency */,
			);
			name = DeriveeTests;
			packageProductDependencies = (
				0B6F4FDFBC5335553BA2B6B9 /* SnapshotTesting */,
				FA46EF9E6B7D5637BA55DF5A /* SwiftProtobuf */,
			);
			productName = DeriveeTests;
			productReference = C48AF06DA0327D2A4E8DC3D7 /* DeriveeTests.xctest */;
			productType = "com.apple.product-type.bundle.unit-test";
		};
		709CC96C5666B5B898FA2F64 /* Derivee */ = {
			isa = PBXNativeTarget;
			buildConfigurationList = D996B5BA38D10E53FC3C9DC2 /* Build configuration list for PBXNativeTarget "Derivee" */;
			buildPhases = (
				01DEF9C6F9550F07AA5319DB /* Sources */,
				3433A57926DAC46A44F99624 /* Resources */,
				54840BC5D92C90674DCAC125 /* Frameworks */,
				D6CCF832912462DDF51F4686 /* Embed Foundation Extensions */,
			);
			buildRules = (
			);
			dependencies = (
				302A7057BD5926111E179AAA /* PBXTargetDependency */,
			);
			name = Derivee;
			packageProductDependencies = (
				9406C642B57B83517386E129 /* H3 */,
				F85690F66F7D272181E21F2D /* GRDB */,
				DF080F7BA7E8F484792D0F31 /* MapLibre */,
				DFD08D205B790E222084B47A /* SwiftZSTD */,
				2200D232CE6197087310B633 /* SwiftProtobuf */,
			);
			productName = Derivee;
			productReference = 5AFFB73189473060ADA73222 /* Derivee.app */;
			productType = "com.apple.product-type.application";
		};
/* End PBXNativeTarget section */

/* Begin PBXProject section */
		87112B93271FA6AE514E0617 /* Project object */ = {
			isa = PBXProject;
			attributes = {
				BuildIndependentTargetsInParallel = YES;
				LastUpgradeCheck = 1430;
			};
			buildConfigurationList = 7DCD02703754D94420CFB373 /* Build configuration list for PBXProject "Derivee" */;
			compatibilityVersion = "Xcode 14.0";
			developmentRegion = en;
			hasScannedForEncodings = 0;
			knownRegions = (
				Base,
				en,
			);
			mainGroup = 239C6E53E3D9EF709A8EE946;
			minimizedProjectReferenceProxies = 1;
			packageReferences = (
				3C6361049F927E52680C2F39 /* XCRemoteSwiftPackageReference "GRDB.swift" */,
				AD90F0283C5F16FAABE3FBCB /* XCRemoteSwiftPackageReference "maplibre-gl-native-distribution" */,
				82ED3C92F2419CD4150EB037 /* XCRemoteSwiftPackageReference "swift-h3" */,
				458A82A2725900AF85E7A204 /* XCRemoteSwiftPackageReference "swift-protobuf" */,
				A2D8039E8A383F4842E7143E /* XCRemoteSwiftPackageReference "swift-snapshot-testing" */,
				DF937CC7693D350B42F576DB /* XCRemoteSwiftPackageReference "SwiftZSTD" */,
			);
			preferredProjectObjectVersion = 77;
			projectDirPath = "";
			projectRoot = "";
			targets = (
				709CC96C5666B5B898FA2F64 /* Derivee */,
				293E1BF99BBA4B121814C212 /* DeriveeTests */,
				204226316687ED9BDDF5F493 /* DeriveeWidget */,
			);
		};
/* End PBXProject section */

/* Begin PBXResourcesBuildPhase section */
		3433A57926DAC46A44F99624 /* Resources */ = {
			isa = PBXResourcesBuildPhase;
			buildActionMask = 2147483647;
			files = (
				CA0D9C339E38BD4512C2356F /* composite_style.json in Resources */,
				E5AC07B09045A40A8F83388F /* derivee_transit.sqlite in Resources */,
				B07637BA68FC00CAAAEC1B56 /* neighborhood.sqlite in Resources */,
				C030DC088AD9313FE304BEED /* neighborhood.sqlite-shm in Resources */,
				4F168C94171CB488D9A50D4E /* neighborhood.sqlite-wal in Resources */,
				251F343B49766CAB12CA3411 /* transit_delta.sqlite in Resources */,
			);
			runOnlyForDeploymentPostprocessing = 0;
		};
		ABA86ECC2014D14F4AB9F91D /* Resources */ = {
			isa = PBXResourcesBuildPhase;
			buildActionMask = 2147483647;
			files = (
				AC6A1907D9A87160479E874F /* testTransitSparklineViewSnapshot.1.png in Resources */,
			);
			runOnlyForDeploymentPostprocessing = 0;
		};
/* End PBXResourcesBuildPhase section */

/* Begin PBXSourcesBuildPhase section */
		01DEF9C6F9550F07AA5319DB /* Sources */ = {
			isa = PBXSourcesBuildPhase;
			buildActionMask = 2147483647;
			files = (
				A4BED02FF1B808AA720963C9 /* AmbientTrackingEngine.swift in Sources */,
				0572BB0F67A97585C2A4BC5E /* BasemapStyleLoader.swift in Sources */,
				0078B3425107FBB2623C3804 /* BasemapTheme.swift in Sources */,
				0C732CD401E7A9DA11E72762 /* CameraBounds.swift in Sources */,
				F5E76E643AE8FE5415701241 /* ContentView.swift in Sources */,
				F92498446F8CFD8DA0BDB9BE /* DeriveeApp.swift in Sources */,
				FE732603E08BAA36426E2DAE /* DiscoveryToast.swift in Sources */,
				CCAE0CA5045E5FE5130BABB5 /* FogPolygonMath.swift in Sources */,
				436BB28E208B8C164FCB2A0D /* GPXLocationProvider.swift in Sources */,
				600370C96B86CEC7F065C5E0 /* GPXParser.swift in Sources */,
				FE7D801EB046B06F75E2B93D /* GPXProcessor.swift in Sources */,
				44846034DC3956691503AD6B /* HydrationManager.swift in Sources */,
				78FFDF58074BF1E4F27CA0F7 /* MapCustomization.swift in Sources */,
				9E18AE610A3DB924C58DD4DF /* MapFAB.swift in Sources */,
				094712DE5F55C5A2F994A612 /* MapView.swift in Sources */,
				44F838BC32769B876A0FE448 /* OnboardingView.swift in Sources */,
				D8D7EBB0C03160723270DA6E /* POIMaskManager.swift in Sources */,
				327375399AC87B0C9BBC32BA /* PhilosophyView.swift in Sources */,
				41ADE683C5AC463D6213BCBD /* PipelineLogger.swift in Sources */,
				55031B6D0543C31F17B09277 /* Secrets.swift in Sources */,
				A9725147E4D56FCC9789CF14 /* SettingsView.swift in Sources */,
				20EE44C349BA7287D539F085 /* SpatialDatabaseManager.swift in Sources */,
				79F5841560521971FD651E75 /* SpatialStore.swift in Sources */,
				B20170553147346CCAB314B5 /* StatsView.swift in Sources */,
				B7100B06A2B264B2E79127A8 /* TrackingAttributes.swift in Sources */,
				D93CEAAD9D1D501CB995FC26 /* TransitRealtimeService.swift in Sources */,
				CDDCAE3518655AB14CA92272 /* TransitRevealSheet.swift in Sources */,
				1885A68AA306E0E442B71BBA /* TransitRouteData.swift in Sources */,
				42FD08C669B75AB9B3559199 /* TransitSparklineView.swift in Sources */,
				7EA9F372F9C941D9E43C362A /* gtfs-realtime-NYCT.pb.swift in Sources */,
				04721C321EF5345FCFCD6948 /* gtfs-realtime.pb.swift in Sources */,
			);
			runOnlyForDeploymentPostprocessing = 0;
		};
		10FFAC8018C123CF1018BDFC /* Sources */ = {
			isa = PBXSourcesBuildPhase;
			buildActionMask = 2147483647;
			files = (
				BDBF7F08353C24BB6D4B563E /* DeriveeWidgetBundle.swift in Sources */,
				DC34AAB9BFF466868C17558C /* TrackingAttributes.swift in Sources */,
				A6469CC3CDE5A3558B090348 /* TrackingLiveActivity.swift in Sources */,
			);
			runOnlyForDeploymentPostprocessing = 0;
		};
		3082E366160071397127E5CC /* Sources */ = {
			isa = PBXSourcesBuildPhase;
			buildActionMask = 2147483647;
			files = (
				F78124BCD272DAA1481ADD7E /* BasemapThemeTests.swift in Sources */,
				627FBB1DB0AE46A09D866580 /* CameraBoundsTests.swift in Sources */,
				E3078940A363E6D4FB910728 /* CustomizationSettingsTests.swift in Sources */,
				57CC762930DAE5C3E2C5210C /* DatabaseQoSTests.swift in Sources */,
				8BE08985845BB5107F48ECE4 /* ExplorationResetTests.swift in Sources */,
				946BAB1A7ABBFCA5CAC702B4 /* GRDBObservationTests.swift in Sources */,
				0F8E9A49820BDF3E9FB0DBEC /* H3SpatialMathTests.swift in Sources */,
				09CDCC94B4DD8E0721584480 /* NeighborhoodTests.swift in Sources */,
				B1066BD17A25D688259A522B /* POIMaskingTests.swift in Sources */,
				6F7AFB2044DA5AE96EB8CFB8 /* SpatialStoreFogTests.swift in Sources */,
				9838261106ACCE6615BCBC25 /* TrackingEngineTests.swift in Sources */,
				D7286ED979BEF692F2042730 /* TransitHydrationTests.swift in Sources */,
				CFD68966CCF9295382827C39 /* TransitRealtimeTests.swift in Sources */,
				4D5F43EF102E37A074561599 /* TransitRevealSheetTests.swift in Sources */,
			);
			runOnlyForDeploymentPostprocessing = 0;
		};
/* End PBXSourcesBuildPhase section */

/* Begin PBXTargetDependency section */
		302A7057BD5926111E179AAA /* PBXTargetDependency */ = {
			isa = PBXTargetDependency;
			target = 204226316687ED9BDDF5F493 /* DeriveeWidget */;
			targetProxy = 0269A4530107F52677CFAADE /* PBXContainerItemProxy */;
		};
		3B9EF3179CE5E259B1D6D07D /* PBXTargetDependency */ = {
			isa = PBXTargetDependency;
			target = 709CC96C5666B5B898FA2F64 /* Derivee */;
			targetProxy = 05650DA2FD823D1C20FA7CD3 /* PBXContainerItemProxy */;
		};
/* End PBXTargetDependency section */

/* Begin XCBuildConfiguration section */
		340FE5E09E5C47E77E529F5F /* Release */ = {
			isa = XCBuildConfiguration;
			buildSettings = {
				GENERATE_INFOPLIST_FILE = NO;
				INFOPLIST_FILE = DeriveeWidget/Info.plist;
				IPHONEOS_DEPLOYMENT_TARGET = 17.0;
				LD_RUNPATH_SEARCH_PATHS = (
					"$(inherited)",
					"@executable_path/Frameworks",
					"@executable_path/../../Frameworks",
				);
				PRODUCT_BUNDLE_IDENTIFIER = com.derivee.Derivee.DeriveeWidget;
				SDKROOT = iphoneos;
				TARGETED_DEVICE_FAMILY = "1,2";
			};
			name = Release;
		};
		8D7C3A22BA8326CDBC8DE48F /* Release */ = {
			isa = XCBuildConfiguration;
			buildSettings = {
				BUNDLE_LOADER = "$(TEST_HOST)";
				GENERATE_INFOPLIST_FILE = YES;
				IPHONEOS_DEPLOYMENT_TARGET = 17.0;
				LD_RUNPATH_SEARCH_PATHS = (
					"$(inherited)",
					"@executable_path/Frameworks",
					"@loader_path/Frameworks",
				);
				PRODUCT_BUNDLE_IDENTIFIER = com.derivee.DeriveeTests;
				SDKROOT = iphoneos;
				TARGETED_DEVICE_FAMILY = "1,2";
				TEST_HOST = "$(BUILT_PRODUCTS_DIR)/Derivee.app/Derivee";
			};
			name = Release;
		};
		944EF5D43ED6072AC5C6E758 /* Debug */ = {
			isa = XCBuildConfiguration;
			buildSettings = {
				BUNDLE_LOADER = "$(TEST_HOST)";
				GENERATE_INFOPLIST_FILE = YES;
				IPHONEOS_DEPLOYMENT_TARGET = 17.0;
				LD_RUNPATH_SEARCH_PATHS = (
					"$(inherited)",
					"@executable_path/Frameworks",
					"@loader_path/Frameworks",
				);
				PRODUCT_BUNDLE_IDENTIFIER = com.derivee.DeriveeTests;
				SDKROOT = iphoneos;
				TARGETED_DEVICE_FAMILY = "1,2";
				TEST_HOST = "$(BUILT_PRODUCTS_DIR)/Derivee.app/Derivee";
			};
			name = Debug;
		};
		A5B4D1156FC3FEC00053A880 /* Release */ = {
			isa = XCBuildConfiguration;
			buildSettings = {
				ALWAYS_SEARCH_USER_PATHS = NO;
				CLANG_ANALYZER_NONNULL = YES;
				CLANG_ANALYZER_NUMBER_OBJECT_CONVERSION = YES_AGGRESSIVE;
				CLANG_CXX_LANGUAGE_STANDARD = "gnu++14";
				CLANG_CXX_LIBRARY = "libc++";
				CLANG_ENABLE_MODULES = YES;
				CLANG_ENABLE_OBJC_ARC = YES;
				CLANG_ENABLE_OBJC_WEAK = YES;
				CLANG_WARN_BLOCK_CAPTURE_AUTORELEASING = YES;
				CLANG_WARN_BOOL_CONVERSION = YES;
				CLANG_WARN_COMMA = YES;
				CLANG_WARN_CONSTANT_CONVERSION = YES;
				CLANG_WARN_DEPRECATED_OBJC_IMPLEMENTATIONS = YES;
				CLANG_WARN_DIRECT_OBJC_ISA_USAGE = YES_ERROR;
				CLANG_WARN_DOCUMENTATION_COMMENTS = YES;
				CLANG_WARN_EMPTY_BODY = YES;
				CLANG_WARN_ENUM_CONVERSION = YES;
				CLANG_WARN_INFINITE_RECURSION = YES;
				CLANG_WARN_INT_CONVERSION = YES;
				CLANG_WARN_NON_LITERAL_NULL_CONVERSION = YES;
				CLANG_WARN_OBJC_IMPLICIT_RETAIN_SELF = YES;
				CLANG_WARN_OBJC_LITERAL_CONVERSION = YES;
				CLANG_WARN_OBJC_ROOT_CLASS = YES_ERROR;
				CLANG_WARN_QUOTED_INCLUDE_IN_FRAMEWORK_HEADER = YES;
				CLANG_WARN_RANGE_LOOP_ANALYSIS = YES;
				CLANG_WARN_STRICT_PROTOTYPES = YES;
				CLANG_WARN_SUSPICIOUS_MOVE = YES;
				CLANG_WARN_UNGUARDED_AVAILABILITY = YES_AGGRESSIVE;
				CLANG_WARN_UNREACHABLE_CODE = YES;
				CLANG_WARN__DUPLICATE_METHOD_MATCH = YES;
				COPY_PHASE_STRIP = NO;
				DEBUG_INFORMATION_FORMAT = "dwarf-with-dsym";
				ENABLE_NS_ASSERTIONS = NO;
				ENABLE_STRICT_OBJC_MSGSEND = YES;
				GCC_C_LANGUAGE_STANDARD = gnu11;
				GCC_NO_COMMON_BLOCKS = YES;
				GCC_WARN_64_TO_32_BIT_CONVERSION = YES;
				GCC_WARN_ABOUT_RETURN_TYPE = YES_ERROR;
				GCC_WARN_UNDECLARED_SELECTOR = YES;
				GCC_WARN_UNINITIALIZED_AUTOS = YES_AGGRESSIVE;
				GCC_WARN_UNUSED_FUNCTION = YES;
				GCC_WARN_UNUSED_VARIABLE = YES;
				MTL_ENABLE_DEBUG_INFO = NO;
				MTL_FAST_MATH = YES;
				PRODUCT_NAME = "$(TARGET_NAME)";
				SDKROOT = iphoneos;
				SWIFT_COMPILATION_MODE = wholemodule;
				SWIFT_OPTIMIZATION_LEVEL = "-O";
				SWIFT_VERSION = 5.0;
			};
			name = Release;
		};
		E3997DA2BED56866A9397C27 /* Release */ = {
			isa = XCBuildConfiguration;
			buildSettings = {
				ASSETCATALOG_COMPILER_APPICON_NAME = AppIcon;
				CODE_SIGN_IDENTITY = "iPhone Developer";
				INFOPLIST_FILE = Derivee/Info.plist;
				IPHONEOS_DEPLOYMENT_TARGET = 17.0;
				LD_RUNPATH_SEARCH_PATHS = (
					"$(inherited)",
					"@executable_path/Frameworks",
				);
				PRODUCT_BUNDLE_IDENTIFIER = com.derivee.Derivee;
				SDKROOT = iphoneos;
				TARGETED_DEVICE_FAMILY = "1,2";
			};
			name = Release;
		};
		F154111276CAF6A92375DC2E /* Debug */ = {
			isa = XCBuildConfiguration;
			buildSettings = {
				GENERATE_INFOPLIST_FILE = NO;
				INFOPLIST_FILE = DeriveeWidget/Info.plist;
				IPHONEOS_DEPLOYMENT_TARGET = 17.0;
				LD_RUNPATH_SEARCH_PATHS = (
					"$(inherited)",
					"@executable_path/Frameworks",
					"@executable_path/../../Frameworks",
				);
				PRODUCT_BUNDLE_IDENTIFIER = com.derivee.Derivee.DeriveeWidget;
				SDKROOT = iphoneos;
				TARGETED_DEVICE_FAMILY = "1,2";
			};
			name = Debug;
		};
		F706F254C7DC561F1E8CF5DE /* Debug */ = {
			isa = XCBuildConfiguration;
			buildSettings = {
				ALWAYS_SEARCH_USER_PATHS = NO;
				CLANG_ANALYZER_NONNULL = YES;
				CLANG_ANALYZER_NUMBER_OBJECT_CONVERSION = YES_AGGRESSIVE;
				CLANG_CXX_LANGUAGE_STANDARD = "gnu++14";
				CLANG_CXX_LIBRARY = "libc++";
				CLANG_ENABLE_MODULES = YES;
				CLANG_ENABLE_OBJC_ARC = YES;
				CLANG_ENABLE_OBJC_WEAK = YES;
				CLANG_WARN_BLOCK_CAPTURE_AUTORELEASING = YES;
				CLANG_WARN_BOOL_CONVERSION = YES;
				CLANG_WARN_COMMA = YES;
				CLANG_WARN_CONSTANT_CONVERSION = YES;
				CLANG_WARN_DEPRECATED_OBJC_IMPLEMENTATIONS = YES;
				CLANG_WARN_DIRECT_OBJC_ISA_USAGE = YES_ERROR;
				CLANG_WARN_DOCUMENTATION_COMMENTS = YES;
				CLANG_WARN_EMPTY_BODY = YES;
				CLANG_WARN_ENUM_CONVERSION = YES;
				CLANG_WARN_INFINITE_RECURSION = YES;
				CLANG_WARN_INT_CONVERSION = YES;
				CLANG_WARN_NON_LITERAL_NULL_CONVERSION = YES;
				CLANG_WARN_OBJC_IMPLICIT_RETAIN_SELF = YES;
				CLANG_WARN_OBJC_LITERAL_CONVERSION = YES;
				CLANG_WARN_OBJC_ROOT_CLASS = YES_ERROR;
				CLANG_WARN_QUOTED_INCLUDE_IN_FRAMEWORK_HEADER = YES;
				CLANG_WARN_RANGE_LOOP_ANALYSIS = YES;
				CLANG_WARN_STRICT_PROTOTYPES = YES;
				CLANG_WARN_SUSPICIOUS_MOVE = YES;
				CLANG_WARN_UNGUARDED_AVAILABILITY = YES_AGGRESSIVE;
				CLANG_WARN_UNREACHABLE_CODE = YES;
				CLANG_WARN__DUPLICATE_METHOD_MATCH = YES;
				COPY_PHASE_STRIP = NO;
				DEBUG_INFORMATION_FORMAT = dwarf;
				ENABLE_STRICT_OBJC_MSGSEND = YES;
				ENABLE_TESTABILITY = YES;
				GCC_C_LANGUAGE_STANDARD = gnu11;
				GCC_DYNAMIC_NO_PIC = NO;
				GCC_NO_COMMON_BLOCKS = YES;
				GCC_OPTIMIZATION_LEVEL = 0;
				GCC_PREPROCESSOR_DEFINITIONS = (
					"$(inherited)",
					"DEBUG=1",
				);
				GCC_WARN_64_TO_32_BIT_CONVERSION = YES;
				GCC_WARN_ABOUT_RETURN_TYPE = YES_ERROR;
				GCC_WARN_UNDECLARED_SELECTOR = YES;
				GCC_WARN_UNINITIALIZED_AUTOS = YES_AGGRESSIVE;
				GCC_WARN_UNUSED_FUNCTION = YES;
				GCC_WARN_UNUSED_VARIABLE = YES;
				MTL_ENABLE_DEBUG_INFO = INCLUDE_SOURCE;
				MTL_FAST_MATH = YES;
				ONLY_ACTIVE_ARCH = YES;
				PRODUCT_NAME = "$(TARGET_NAME)";
				SDKROOT = iphoneos;
				SWIFT_ACTIVE_COMPILATION_CONDITIONS = DEBUG;
				SWIFT_OPTIMIZATION_LEVEL = "-Onone";
				SWIFT_VERSION = 5.0;
			};
			name = Debug;
		};
		FEBDAA2F11A7A9613AAB64DB /* Debug */ = {
			isa = XCBuildConfiguration;
			buildSettings = {
				ASSETCATALOG_COMPILER_APPICON_NAME = AppIcon;
				CODE_SIGN_IDENTITY = "iPhone Developer";
				INFOPLIST_FILE = Derivee/Info.plist;
				IPHONEOS_DEPLOYMENT_TARGET = 17.0;
				LD_RUNPATH_SEARCH_PATHS = (
					"$(inherited)",
					"@executable_path/Frameworks",
				);
				PRODUCT_BUNDLE_IDENTIFIER = com.derivee.Derivee;
				SDKROOT = iphoneos;
				TARGETED_DEVICE_FAMILY = "1,2";
			};
			name = Debug;
		};
/* End XCBuildConfiguration section */

/* Begin XCConfigurationList section */
		5781033C7BAFB47CE763D16B /* Build configuration list for PBXNativeTarget "DeriveeWidget" */ = {
			isa = XCConfigurationList;
			buildConfigurations = (
				F154111276CAF6A92375DC2E /* Debug */,
				340FE5E09E5C47E77E529F5F /* Release */,
			);
			defaultConfigurationIsVisible = 0;
			defaultConfigurationName = Debug;
		};
		6A3BCDD4203E9D1E418D5DAF /* Build configuration list for PBXNativeTarget "DeriveeTests" */ = {
			isa = XCConfigurationList;
			buildConfigurations = (
				944EF5D43ED6072AC5C6E758 /* Debug */,
				8D7C3A22BA8326CDBC8DE48F /* Release */,
			);
			defaultConfigurationIsVisible = 0;
			defaultConfigurationName = Debug;
		};
		7DCD02703754D94420CFB373 /* Build configuration list for PBXProject "Derivee" */ = {
			isa = XCConfigurationList;
			buildConfigurations = (
				F706F254C7DC561F1E8CF5DE /* Debug */,
				A5B4D1156FC3FEC00053A880 /* Release */,
			);
			defaultConfigurationIsVisible = 0;
			defaultConfigurationName = Debug;
		};
		D996B5BA38D10E53FC3C9DC2 /* Build configuration list for PBXNativeTarget "Derivee" */ = {
			isa = XCConfigurationList;
			buildConfigurations = (
				FEBDAA2F11A7A9613AAB64DB /* Debug */,
				E3997DA2BED56866A9397C27 /* Release */,
			);
			defaultConfigurationIsVisible = 0;
			defaultConfigurationName = Debug;
		};
/* End XCConfigurationList section */

/* Begin XCRemoteSwiftPackageReference section */
		3C6361049F927E52680C2F39 /* XCRemoteSwiftPackageReference "GRDB.swift" */ = {
			isa = XCRemoteSwiftPackageReference;
			repositoryURL = "https://github.com/groue/GRDB.swift.git";
			requirement = {
				kind = upToNextMajorVersion;
				minimumVersion = 6.27.0;
			};
		};
		458A82A2725900AF85E7A204 /* XCRemoteSwiftPackageReference "swift-protobuf" */ = {
			isa = XCRemoteSwiftPackageReference;
			repositoryURL = "https://github.com/apple/swift-protobuf.git";
			requirement = {
				kind = upToNextMajorVersion;
				minimumVersion = 1.28.0;
			};
		};
		82ED3C92F2419CD4150EB037 /* XCRemoteSwiftPackageReference "swift-h3" */ = {
			isa = XCRemoteSwiftPackageReference;
			repositoryURL = "https://github.com/JeremyEspresso/swift-h3";
			requirement = {
				branch = main;
				kind = branch;
			};
		};
		A2D8039E8A383F4842E7143E /* XCRemoteSwiftPackageReference "swift-snapshot-testing" */ = {
			isa = XCRemoteSwiftPackageReference;
			repositoryURL = "https://github.com/pointfreeco/swift-snapshot-testing.git";
			requirement = {
				kind = upToNextMajorVersion;
				minimumVersion = 1.15.4;
			};
		};
		AD90F0283C5F16FAABE3FBCB /* XCRemoteSwiftPackageReference "maplibre-gl-native-distribution" */ = {
			isa = XCRemoteSwiftPackageReference;
			repositoryURL = "https://github.com/maplibre/maplibre-gl-native-distribution.git";
			requirement = {
				kind = upToNextMajorVersion;
				minimumVersion = 6.20.1;
			};
		};
		DF937CC7693D350B42F576DB /* XCRemoteSwiftPackageReference "SwiftZSTD" */ = {
			isa = XCRemoteSwiftPackageReference;
			repositoryURL = "https://github.com/aperedera/SwiftZSTD.git";
			requirement = {
				kind = upToNextMajorVersion;
				minimumVersion = 1.0.0;
			};
		};
/* End XCRemoteSwiftPackageReference section */

/* Begin XCSwiftPackageProductDependency section */
		0B6F4FDFBC5335553BA2B6B9 /* SnapshotTesting */ = {
			isa = XCSwiftPackageProductDependency;
			package = A2D8039E8A383F4842E7143E /* XCRemoteSwiftPackageReference "swift-snapshot-testing" */;
			productName = SnapshotTesting;
		};
		2200D232CE6197087310B633 /* SwiftProtobuf */ = {
			isa = XCSwiftPackageProductDependency;
			package = 458A82A2725900AF85E7A204 /* XCRemoteSwiftPackageReference "swift-protobuf" */;
			productName = SwiftProtobuf;
		};
		9406C642B57B83517386E129 /* H3 */ = {
			isa = XCSwiftPackageProductDependency;
			package = 82ED3C92F2419CD4150EB037 /* XCRemoteSwiftPackageReference "swift-h3" */;
			productName = H3;
		};
		DF080F7BA7E8F484792D0F31 /* MapLibre */ = {
			isa = XCSwiftPackageProductDependency;
			package = AD90F0283C5F16FAABE3FBCB /* XCRemoteSwiftPackageReference "maplibre-gl-native-distribution" */;
			productName = MapLibre;
		};
		DFD08D205B790E222084B47A /* SwiftZSTD */ = {
			isa = XCSwiftPackageProductDependency;
			package = DF937CC7693D350B42F576DB /* XCRemoteSwiftPackageReference "SwiftZSTD" */;
			productName = SwiftZSTD;
		};
		F85690F66F7D272181E21F2D /* GRDB */ = {
			isa = XCSwiftPackageProductDependency;
			package = 3C6361049F927E52680C2F39 /* XCRemoteSwiftPackageReference "GRDB.swift" */;
			productName = GRDB;
		};
		FA46EF9E6B7D5637BA55DF5A /* SwiftProtobuf */ = {
			isa = XCSwiftPackageProductDependency;
			package = 458A82A2725900AF85E7A204 /* XCRemoteSwiftPackageReference "swift-protobuf" */;
			productName = SwiftProtobuf;
		};
/* End XCSwiftPackageProductDependency section */
	};
	rootObject = 87112B93271FA6AE514E0617 /* Project object */;
}
